<?xml version="1.0" encoding="utf-8"?>
<Project ToolsVersion="4.0" xmlns="http://schemas.microsoft.com/developer/msbuild/2003">
  <ItemGroup>
    <Filter Include="Resource Files">
      <UniqueIdentifier>{D9D6E242-F8AF-46E4-B9FD-80ECBC20BA3E}</UniqueIdentifier>
      <Extensions>qrc;*</Extensions>
      <ParseFiles>false</ParseFiles>
    </Filter>
    <Filter Include="Form Files">
      <UniqueIdentifier>{99349809-55BA-4b9d-BF79-8FDBB0286EB3}</UniqueIdentifier>
      <Extensions>ui</Extensions>
    </Filter>
    <Filter Include="Resource Files">
      <UniqueIdentifier>{D9D6E242-F8AF-46E4-B9FD-80ECBC20BA3E}</UniqueIdentifier>
      <Extensions>qrc;*</Extensions>
      <ParseFiles>false</ParseFiles>
    </Filter>
    <Filter Include="Generated Files">
      <UniqueIdentifier>{71ED8ED8-ACB9-4CE9-BBE1-E00B30144E11}</UniqueIdentifier>
      <Extensions>moc;h;cpp</Extensions>
      <SourceControlFiles>False</SourceControlFiles>
    </Filter>
    <Filter Include="Graph">
      <UniqueIdentifier>{ff489b8d-b6ba-4620-9483-2df686c99f95}</UniqueIdentifier>
    </Filter>
    <Filter Include="Application">
      <UniqueIdentifier>{2531dab1-47df-4d2f-a7d1-7e9b06db76dc}</UniqueIdentifier>
    </Filter>
    <Filter Include="Layout">
      <UniqueIdentifier>{46e3cec8-e550-4c6a-a217-550ab80ca5a1}</UniqueIdentifier>
    </Filter>
    <Filter Include="Layout\Impl">
      <UniqueIdentifier>{0379df31-0aad-4e80-91ee-f94af055861e}</UniqueIdentifier>
    </Filter>
    <Filter Include="Graph\Impl">
      <UniqueIdentifier>{b82e3ee3-0caf-4b1f-8952-c3aa4d444e1c}</UniqueIdentifier>
    </Filter>
    <Filter Include="GraphView">
      <UniqueIdentifier>{6ca6ad98-e836-453a-a725-76a858bde366}</UniqueIdentifier>
    </Filter>
    <Filter Include="GraphView\Impl">
      <UniqueIdentifier>{fe75eb21-5d39-4d77-981d-06c37a1aaaf7}</UniqueIdentifier>
    </Filter>
  </ItemGroup>
  <ItemGroup>
    <QtUic Include="src\app\layoutmatching.ui">
      <Filter>Form Files</Filter>
    </QtUic>
    <QtUic Include="src\graphview\graphwindow.ui">
      <Filter>Form Files</Filter>
    </QtUic>
  </ItemGroup>
  <ItemGroup>
    <QtRcc Include="res\lm_resources.qrc">
      <Filter>Resource Files</Filter>
    </QtRcc>
  </ItemGroup>
  <ItemGroup>
    <ClCompile Include="src\core\canvas.cpp">
      <Filter>Layout\Impl</Filter>
    </ClCompile>
    <ClCompile Include="src\core\region.cpp">
      <Filter>Layout\Impl</Filter>
    </ClCompile>
    <ClCompile Include="src\graphview\edge.cpp">
      <Filter>GraphView\Impl</Filter>
    </ClCompile>
    <ClCompile Include="src\graphview\graphwindow.cpp">
      <Filter>GraphView\Impl</Filter>
    </ClCompile>
    <ClCompile Include="src\graphview\helpbrowser.cpp">
      <Filter>GraphView\Impl</Filter>
    </ClCompile>
    <ClCompile Include="src\graphview\mgraphview.cpp">
      <Filter>GraphView\Impl</Filter>
    </ClCompile>
    <ClCompile Include="src\graphview\mscene.cpp">
      <Filter>GraphView\Impl</Filter>
    </ClCompile>
    <ClCompile Include="src\graphview\node.cpp">
      <Filter>GraphView\Impl</Filter>
    </ClCompile>
    <ClCompile Include="src\core\algorithms.cpp">
      <Filter>Graph\Impl</Filter>
    </ClCompile>
    <ClCompile Include="src\core\graph.cpp">
      <Filter>Graph\Impl</Filter>
    </ClCompile>
    <ClCompile Include="src\app\layoutmatching.cpp">
      <Filter>Application</Filter>
    </ClCompile>
    <ClCompile Include="src\app\main.cpp">
      <Filter>Application</Filter>
    </ClCompile>
  </ItemGroup>
  <ItemGroup>
    <ClInclude Include="src\core\canvas.h">
      <Filter>Layout</Filter>
    </ClInclude>
    <ClInclude Include="src\core\region.h">
      <Filter>Layout</Filter>
    </ClInclude>
    <ClInclude Include="src\graphview\edge.h">
      <Filter>GraphView</Filter>
    </ClInclude>
    <ClInclude Include="src\graphview\mgraphview.h">
      <Filter>GraphView</Filter>
    </ClInclude>
    <ClInclude Include="src\graphview\mscene.h">
      <Filter>GraphView</Filter>
    </ClInclude>
    <ClInclude Include="src\graphview\node.h">
      <Filter>GraphView</Filter>
    </ClInclude>
    <ClInclude Include="src\core\algorithms.h">
      <Filter>Graph</Filter>
    </ClInclude>
    <ClInclude Include="src\core\graph.h">
      <Filter>Graph</Filter>
    </ClInclude>
  </ItemGroup>
  <ItemGroup>
    <QtMoc Include="src\graphview\graphwindow.h">
      <Filter>GraphView</Filter>
    </QtMoc>
    <QtMoc Include="src\graphview\helpbrowser.h">
      <Filter>GraphView</Filter>
    </QtMoc>
    <QtMoc Include="src\app\layoutmatching.h">
      <Filter>Application</Filter>
    </QtMoc>
  </ItemGroup>
</Project>